// !$*UTF8*$!
{
	archiveVersion = 1;
	classes = {
	};
	objectVersion = 52;
	objects = {

/* Begin PBXBuildFile section */
		18563B4E2516EBB500A85217 /* AppDelegate.swift in Sources */ = {isa = PBXBuildFile; fileRef = 18563B4D2516EBB500A85217 /* AppDelegate.swift */; };
		18563B502516EBB500A85217 /* SceneDelegate.swift in Sources */ = {isa = PBXBuildFile; fileRef = 18563B4F2516EBB500A85217 /* SceneDelegate.swift */; };
		18563B522516EBB500A85217 /* ViewController.swift in Sources */ = {isa = PBXBuildFile; fileRef = 18563B512516EBB500A85217 /* ViewController.swift */; };
		18563B552516EBB500A85217 /* Main.storyboard in Resources */ = {isa = PBXBuildFile; fileRef = 18563B532516EBB500A85217 /* Main.storyboard */; };
		18563B572516EBB700A85217 /* Assets.xcassets in Resources */ = {isa = PBXBuildFile; fileRef = 18563B562516EBB700A85217 /* Assets.xcassets */; };
		18563B5A2516EBB700A85217 /* LaunchScreen.storyboard in Resources */ = {isa = PBXBuildFile; fileRef = 18563B582516EBB700A85217 /* LaunchScreen.storyboard */; };
		18563B652516EBB700A85217 /* SDTiPViewTests.swift in Sources */ = {isa = PBXBuildFile; fileRef = 18563B642516EBB700A85217 /* SDTiPViewTests.swift */; };
		18563B702516EBB700A85217 /* SDTiPViewUITests.swift in Sources */ = {isa = PBXBuildFile; fileRef = 18563B6F2516EBB700A85217 /* SDTiPViewUITests.swift */; };
		18563B8A2516EEC700A85217 /* TableViewCell.swift in Sources */ = {isa = PBXBuildFile; fileRef = 18563B892516EEC700A85217 /* TableViewCell.swift */; };
		18563B8F2516EFAC00A85217 /* SDTipPopup.swift in Sources */ = {isa = PBXBuildFile; fileRef = 18563B8E2516EFAC00A85217 /* SDTipPopup.swift */; };
		18563B982516F05800A85217 /* AMPopTip in Frameworks */ = {isa = PBXBuildFile; productRef = 18563B972516F05800A85217 /* AMPopTip */; };
/* End PBXBuildFile section */

/* Begin PBXContainerItemProxy section */
		18563B612516EBB700A85217 /* PBXContainerItemProxy */ = {
			isa = PBXContainerItemProxy;
			containerPortal = 18563B422516EBB500A85217 /* Project object */;
			proxyType = 1;
			remoteGlobalIDString = 18563B492516EBB500A85217;
			remoteInfo = SDTiPView;
		};
		18563B6C2516EBB700A85217 /* PBXContainerItemProxy */ = {
			isa = PBXContainerItemProxy;
			containerPortal = 18563B422516EBB500A85217 /* Project object */;
			proxyType = 1;
			remoteGlobalIDString = 18563B492516EBB500A85217;
			remoteInfo = SDTiPView;
		};
/* End PBXContainerItemProxy section */

/* Begin PBXFileReference section */
		18563B4A2516EBB500A85217 /* SDTiPView.app */ = {isa = PBXFileReference; explicitFileType = wrapper.application; includeInIndex = 0; path = SDTiPView.app; sourceTree = BUILT_PRODUCTS_DIR; };
		18563B4D2516EBB500A85217 /* AppDelegate.swift */ = {isa = PBXFileReference; lastKnownFileType = sourcecode.swift; path = AppDelegate.swift; sourceTree = "<group>"; };
		18563B4F2516EBB500A85217 /* SceneDelegate.swift */ = {isa = PBXFileReference; lastKnownFileType = sourcecode.swift; path = SceneDelegate.swift; sourceTree = "<group>"; };
		18563B512516EBB500A85217 /* ViewController.swift */ = {isa = PBXFileReference; lastKnownFileType = sourcecode.swift; path = ViewController.swift; sourceTree = "<group>"; };
		18563B542516EBB500A85217 /* Base */ = {isa = PBXFileReference; lastKnownFileType = file.storyboard; name = Base; path = Base.lproj/Main.storyboard; sourceTree = "<group>"; };
		18563B562516EBB700A85217 /* Assets.xcassets */ = {isa = PBXFileReference; lastKnownFileType = folder.assetcatalog; path = Assets.xcassets; sourceTree = "<group>"; };
		18563B592516EBB700A85217 /* Base */ = {isa = PBXFileReference; lastKnownFileType = file.storyboard; name = Base; path = Base.lproj/LaunchScreen.storyboard; sourceTree = "<group>"; };
		18563B5B2516EBB700A85217 /* Info.plist */ = {isa = PBXFileReference; lastKnownFileType = text.plist.xml; path = Info.plist; sourceTree = "<group>"; };
		18563B602516EBB700A85217 /* SDTiPViewTests.xctest */ = {isa = PBXFileReference; explicitFileType = wrapper.cfbundle; includeInIndex = 0; path = SDTiPViewTests.xctest; sourceTree = BUILT_PRODUCTS_DIR; };
		18563B642516EBB700A85217 /* SDTiPViewTests.swift */ = {isa = PBXFileReference; lastKnownFileType = sourcecode.swift; path = SDTiPViewTests.swift; sourceTree = "<group>"; };
		18563B662516EBB700A85217 /* Info.plist */ = {isa = PBXFileReference; lastKnownFileType = text.plist.xml; path = Info.plist; sourceTree = "<group>"; };
		18563B6B2516EBB700A85217 /* SDTiPViewUITests.xctest */ = {isa = PBXFileReference; explicitFileType = wrapper.cfbundle; includeInIndex = 0; path = SDTiPViewUITests.xctest; sourceTree = BUILT_PRODUCTS_DIR; };
		18563B6F2516EBB700A85217 /* SDTiPViewUITests.swift */ = {isa = PBXFileReference; lastKnownFileType = sourcecode.swift; path = SDTiPViewUITests.swift; sourceTree = "<group>"; };
		18563B712516EBB700A85217 /* Info.plist */ = {isa = PBXFileReference; lastKnownFileType = text.plist.xml; path = Info.plist; sourceTree = "<group>"; };
		18563B892516EEC700A85217 /* TableViewCell.swift */ = {isa = PBXFileReference; lastKnownFileType = sourcecode.swift; path = TableViewCell.swift; sourceTree = "<group>"; };
		18563B8E2516EFAC00A85217 /* SDTipPopup.swift */ = {isa = PBXFileReference; lastKnownFileType = sourcecode.swift; path = SDTipPopup.swift; sourceTree = "<group>"; };
/* End PBXFileReference section */

/* Begin PBXFrameworksBuildPhase section */
		18563B472516EBB500A85217 /* Frameworks */ = {
			isa = PBXFrameworksBuildPhase;
			buildActionMask = 2147483647;
			files = (
				18563B982516F05800A85217 /* AMPopTip in Frameworks */,
			);
			runOnlyForDeploymentPostprocessing = 0;
		};
		18563B5D2516EBB700A85217 /* Frameworks */ = {
			isa = PBXFrameworksBuildPhase;
			buildActionMask = 2147483647;
			files = (
			);
			runOnlyForDeploymentPostprocessing = 0;
		};
		18563B682516EBB700A85217 /* Frameworks */ = {
			isa = PBXFrameworksBuildPhase;
			buildActionMask = 2147483647;
			files = (
			);
			runOnlyForDeploymentPostprocessing = 0;
		};
/* End PBXFrameworksBuildPhase section */

/* Begin PBXGroup section */
		18563B412516EBB500A85217 = {
			isa = PBXGroup;
			children = (
				18563B4C2516EBB500A85217 /* SDTiPView */,
				18563B632516EBB700A85217 /* SDTiPViewTests */,
				18563B6E2516EBB700A85217 /* SDTiPViewUITests */,
				18563B4B2516EBB500A85217 /* Products */,
			);
			sourceTree = "<group>";
		};
		18563B4B2516EBB500A85217 /* Products */ = {
			isa = PBXGroup;
			children = (
				18563B4A2516EBB500A85217 /* SDTiPView.app */,
				18563B602516EBB700A85217 /* SDTiPViewTests.xctest */,
				18563B6B2516EBB700A85217 /* SDTiPViewUITests.xctest */,
			);
			name = Products;
			sourceTree = "<group>";
		};
		18563B4C2516EBB500A85217 /* SDTiPView */ = {
			isa = PBXGroup;
			children = (
				18563B4D2516EBB500A85217 /* AppDelegate.swift */,
				18563B8E2516EFAC00A85217 /* SDTipPopup.swift */,
				18563B4F2516EBB500A85217 /* SceneDelegate.swift */,
				18563B892516EEC700A85217 /* TableViewCell.swift */,
				18563B512516EBB500A85217 /* ViewController.swift */,
				18563B532516EBB500A85217 /* Main.storyboard */,
				18563B562516EBB700A85217 /* Assets.xcassets */,
				18563B582516EBB700A85217 /* LaunchScreen.storyboard */,
				18563B5B2516EBB700A85217 /* Info.plist */,
			);
			path = SDTiPView;
			sourceTree = "<group>";
		};
		18563B632516EBB700A85217 /* SDTiPViewTests */ = {
			isa = PBXGroup;
			children = (
				18563B642516EBB700A85217 /* SDTiPViewTests.swift */,
				18563B662516EBB700A85217 /* Info.plist */,
			);
			path = SDTiPViewTests;
			sourceTree = "<group>";
		};
		18563B6E2516EBB700A85217 /* SDTiPViewUITests */ = {
			isa = PBXGroup;
			children = (
				18563B6F2516EBB700A85217 /* SDTiPViewUITests.swift */,
				18563B712516EBB700A85217 /* Info.plist */,
			);
			path = SDTiPViewUITests;
			sourceTree = "<group>";
		};
/* End PBXGroup section */

/* Begin PBXNativeTarget section */
		18563B492516EBB500A85217 /* SDTiPView */ = {
			isa = PBXNativeTarget;
			buildConfigurationList = 18563B742516EBB700A85217 /* Build configuration list for PBXNativeTarget "SDTiPView" */;
			buildPhases = (
				18563B462516EBB500A85217 /* Sources */,
				18563B472516EBB500A85217 /* Frameworks */,
				18563B482516EBB500A85217 /* Resources */,
			);
			buildRules = (
			);
			dependencies = (
			);
			name = SDTiPView;
			packageProductDependencies = (
				18563B972516F05800A85217 /* AMPopTip */,
			);
			productName = SDTiPView;
			productReference = 18563B4A2516EBB500A85217 /* SDTiPView.app */;
			productType = "com.apple.product-type.application";
		};
		18563B5F2516EBB700A85217 /* SDTiPViewTests */ = {
			isa = PBXNativeTarget;
			buildConfigurationList = 18563B772516EBB700A85217 /* Build configuration list for PBXNativeTarget "SDTiPViewTests" */;
			buildPhases = (
				18563B5C2516EBB700A85217 /* Sources */,
				18563B5D2516EBB700A85217 /* Frameworks */,
				18563B5E2516EBB700A85217 /* Resources */,
			);
			buildRules = (
			);
			dependencies = (
				18563B622516EBB700A85217 /* PBXTargetDependency */,
			);
			name = SDTiPViewTests;
			productName = SDTiPViewTests;
			productReference = 18563B602516EBB700A85217 /* SDTiPViewTests.xctest */;
			productType = "com.apple.product-type.bundle.unit-test";
		};
		18563B6A2516EBB700A85217 /* SDTiPViewUITests */ = {
			isa = PBXNativeTarget;
			buildConfigurationList = 18563B7A2516EBB700A85217 /* Build configuration list for PBXNativeTarget "SDTiPViewUITests" */;
			buildPhases = (
				18563B672516EBB700A85217 /* Sources */,
				18563B682516EBB700A85217 /* Frameworks */,
				18563B692516EBB700A85217 /* Resources */,
			);
			buildRules = (
			);
			dependencies = (
				18563B6D2516EBB700A85217 /* PBXTargetDependency */,
			);
			name = SDTiPViewUITests;
			productName = SDTiPViewUITests;
			productReference = 18563B6B2516EBB700A85217 /* SDTiPViewUITests.xctest */;
			productType = "com.apple.product-type.bundle.ui-testing";
		};
/* End PBXNativeTarget section */

/* Begin PBXProject section */
		18563B422516EBB500A85217 /* Project object */ = {
			isa = PBXProject;
			attributes = {
				LastSwiftUpdateCheck = 1200;
				LastUpgradeCheck = 1200;
				TargetAttributes = {
					18563B492516EBB500A85217 = {
						CreatedOnToolsVersion = 12.0;
					};
					18563B5F2516EBB700A85217 = {
						CreatedOnToolsVersion = 12.0;
						TestTargetID = 18563B492516EBB500A85217;
					};
					18563B6A2516EBB700A85217 = {
						CreatedOnToolsVersion = 12.0;
						TestTargetID = 18563B492516EBB500A85217;
					};
				};
			};
			buildConfigurationList = 18563B452516EBB500A85217 /* Build configuration list for PBXProject "SDTiPView" */;
			compatibilityVersion = "Xcode 9.3";
			developmentRegion = en;
			hasScannedForEncodings = 0;
			knownRegions = (
				en,
				Base,
			);
			mainGroup = 18563B412516EBB500A85217;
			packageReferences = (
				18563B962516F05800A85217 /* XCRemoteSwiftPackageReference "AMPopTip" */,
			);
			productRefGroup = 18563B4B2516EBB500A85217 /* Products */;
			projectDirPath = "";
			projectRoot = "";
			targets = (
				18563B492516EBB500A85217 /* SDTiPView */,
				18563B5F2516EBB700A85217 /* SDTiPViewTests */,
				18563B6A2516EBB700A85217 /* SDTiPViewUITests */,
			);
		};
/* End PBXProject section */

/* Begin PBXResourcesBuildPhase section */
		18563B482516EBB500A85217 /* Resources */ = {
			isa = PBXResourcesBuildPhase;
			buildActionMask = 2147483647;
			files = (
				18563B5A2516EBB700A85217 /* LaunchScreen.storyboard in Resources */,
				18563B572516EBB700A85217 /* Assets.xcassets in Resources */,
				18563B552516EBB500A85217 /* Main.storyboard in Resources */,
			);
			runOnlyForDeploymentPostprocessing = 0;
		};
		18563B5E2516EBB700A85217 /* Resources */ = {
			isa = PBXResourcesBuildPhase;
			buildActionMask = 2147483647;
			files = (
			);
			runOnlyForDeploymentPostprocessing = 0;
		};
		18563B692516EBB700A85217 /* Resources */ = {
			isa = PBXResourcesBuildPhase;
			buildActionMask = 2147483647;
			files = (
			);
			runOnlyForDeploymentPostprocessing = 0;
		};
/* End PBXResourcesBuildPhase section */

/* Begin PBXSourcesBuildPhase section */
		18563B462516EBB500A85217 /* Sources */ = {
			isa = PBXSourcesBuildPhase;
			buildActionMask = 2147483647;
			files = (
				18563B8F2516EFAC00A85217 /* SDTipPopup.swift in Sources */,
				18563B522516EBB500A85217 /* ViewController.swift in Sources */,
				18563B8A2516EEC700A85217 /* TableViewCell.swift in Sources */,
				18563B4E2516EBB500A85217 /* AppDelegate.swift in Sources */,
				18563B502516EBB500A85217 /* SceneDelegate.swift in Sources */,
			);
			runOnlyForDeploymentPostprocessing = 0;
		};
		18563B5C2516EBB700A85217 /* Sources */ = {
			isa = PBXSourcesBuildPhase;
			buildActionMask = 2147483647;
			files = (
				18563B652516EBB700A85217 /* SDTiPViewTests.swift in Sources */,
			);
			runOnlyForDeploymentPostprocessing = 0;
		};
		18563B672516EBB700A85217 /* Sources */ = {
			isa = PBXSourcesBuildPhase;
			buildActionMask = 2147483647;
			files = (
				18563B702516EBB700A85217 /* SDTiPViewUITests.swift in Sources */,
			);
			runOnlyForDeploymentPostprocessing = 0;
		};
/* End PBXSourcesBuildPhase section */

/* Begin PBXTargetDependency section */
		18563B622516EBB700A85217 /* PBXTargetDependency */ = {
			isa = PBXTargetDependency;
			target = 18563B492516EBB500A85217 /* SDTiPView */;
			targetProxy = 18563B612516EBB700A85217 /* PBXContainerItemProxy */;
		};
		18563B6D2516EBB700A85217 /* PBXTargetDependency */ = {
			isa = PBXTargetDependency;
			target = 18563B492516EBB500A85217 /* SDTiPView */;
			targetProxy = 18563B6C2516EBB700A85217 /* PBXContainerItemProxy */;
		};
/* End PBXTargetDependency section */

/* Begin PBXVariantGroup section */
		18563B532516EBB500A85217 /* Main.storyboard */ = {
			isa = PBXVariantGroup;
			children = (
				18563B542516EBB500A85217 /* Base */,
			);
			name = Main.storyboard;
			sourceTree = "<group>";
		};
		18563B582516EBB700A85217 /* LaunchScreen.storyboard */ = {
			isa = PBXVariantGroup;
			children = (
				18563B592516EBB700A85217 /* Base */,
			);
			name = LaunchScreen.storyboard;
			sourceTree = "<group>";
		};
/* End PBXVariantGroup section */

/* Begin XCBuildConfiguration section */
		18563B722516EBB700A85217 /* Debug */ = {
			isa = XCBuildConfiguration;
			buildSettings = {
				ALWAYS_SEARCH_USER_PATHS = NO;
				CLANG_ANALYZER_NONNULL = YES;
				CLANG_ANALYZER_NUMBER_OBJECT_CONVERSION = YES_AGGRESSIVE;
				CLANG_CXX_LANGUAGE_STANDARD = "gnu++14";
				CLANG_CXX_LIBRARY = "libc++";
				CLANG_ENABLE_MODULES = YES;
				CLANG_ENABLE_OBJC_ARC = YES;
				CLANG_ENABLE_OBJC_WEAK = YES;
				CLANG_WARN_BLOCK_CAPTURE_AUTORELEASING = YES;
				CLANG_WARN_BOOL_CONVERSION = YES;
				CLANG_WARN_COMMA = YES;
				CLANG_WARN_CONSTANT_CONVERSION = YES;
				CLANG_WARN_DEPRECATED_OBJC_IMPLEMENTATIONS = YES;
				CLANG_WARN_DIRECT_OBJC_ISA_USAGE = YES_ERROR;
				CLANG_WARN_DOCUMENTATION_COMMENTS = YES;
				CLANG_WARN_EMPTY_BODY = YES;
				CLANG_WARN_ENUM_CONVERSION = YES;
				CLANG_WARN_INFINITE_RECURSION = YES;
				CLANG_WARN_INT_CONVERSION = YES;
				CLANG_WARN_NON_LITERAL_NULL_CONVERSION = YES;
				CLANG_WARN_OBJC_IMPLICIT_RETAIN_SELF = YES;
				CLANG_WARN_OBJC_LITERAL_CONVERSION = YES;
				CLANG_WARN_OBJC_ROOT_CLASS = YES_ERROR;
				CLANG_WARN_QUOTED_INCLUDE_IN_FRAMEWORK_HEADER = YES;
				CLANG_WARN_RANGE_LOOP_ANALYSIS = YES;
				CLANG_WARN_STRICT_PROTOTYPES = YES;
				CLANG_WARN_SUSPICIOUS_MOVE = YES;
				CLANG_WARN_UNGUARDED_AVAILABILITY = YES_AGGRESSIVE;
				CLANG_WARN_UNREACHABLE_CODE = YES;
				CLANG_WARN__DUPLICATE_METHOD_MATCH = YES;
				COPY_PHASE_STRIP = NO;
				DEBUG_INFORMATION_FORMAT = dwarf;
				ENABLE_STRICT_OBJC_MSGSEND = YES;
				ENABLE_TESTABILITY = YES;
				GCC_C_LANGUAGE_STANDARD = gnu11;
				GCC_DYNAMIC_NO_PIC = NO;
				GCC_NO_COMMON_BLOCKS = YES;
				GCC_OPTIMIZATION_LEVEL = 0;
				GCC_PREPROCESSOR_DEFINITIONS = (
					"DEBUG=1",
					"$(inherited)",
				);
				GCC_WARN_64_TO_32_BIT_CONVERSION = YES;
				GCC_WARN_ABOUT_RETURN_TYPE = YES_ERROR;
				GCC_WARN_UNDECLARED_SELECTOR = YES;
				GCC_WARN_UNINITIALIZED_AUTOS = YES_AGGRESSIVE;
				GCC_WARN_UNUSED_FUNCTION = YES;
				GCC_WARN_UNUSED_VARIABLE = YES;
				IPHONEOS_DEPLOYMENT_TARGET = 12.0;
				MTL_ENABLE_DEBUG_INFO = INCLUDE_SOURCE;
				MTL_FAST_MATH = YES;
				ONLY_ACTIVE_ARCH = YES;
				SDKROOT = iphoneos;
				SWIFT_ACTIVE_COMPILATION_CONDITIONS = DEBUG;
				SWIFT_OPTIMIZATION_LEVEL = "-Onone";
			};
			name = Debug;
		};
		18563B732516EBB700A85217 /* Release */ = {
			isa = XCBuildConfiguration;
			buildSettings = {
				ALWAYS_SEARCH_USER_PATHS = NO;
				CLANG_ANALYZER_NONNULL = YES;
				CLANG_ANALYZER_NUMBER_OBJECT_CONVERSION = YES_AGGRESSIVE;
				CLANG_CXX_LANGUAGE_STANDARD = "gnu++14";
				CLANG_CXX_LIBRARY = "libc++";
				CLANG_ENABLE_MODULES = YES;
				CLANG_ENABLE_OBJC_ARC = YES;
				CLANG_ENABLE_OBJC_WEAK = YES;
				CLANG_WARN_BLOCK_CAPTURE_AUTORELEASING = YES;
				CLANG_WARN_BOOL_CONVERSION = YES;
				CLANG_WARN_COMMA = YES;
				CLANG_WARN_CONSTANT_CONVERSION = YES;
				CLANG_WARN_DEPRECATED_OBJC_IMPLEMENTATIONS = YES;
				CLANG_WARN_DIRECT_OBJC_ISA_USAGE = YES_ERROR;
				CLANG_WARN_DOCUMENTATION_COMMENTS = YES;
				CLANG_WARN_EMPTY_BODY = YES;
				CLANG_WARN_ENUM_CONVERSION = YES;
				CLANG_WARN_INFINITE_RECURSION = YES;
				CLANG_WARN_INT_CONVERSION = YES;
				CLANG_WARN_NON_LITERAL_NULL_CONVERSION = YES;
				CLANG_WARN_OBJC_IMPLICIT_RETAIN_SELF = YES;
				CLANG_WARN_OBJC_LITERAL_CONVERSION = YES;
				CLANG_WARN_OBJC_ROOT_CLASS = YES_ERROR;
				CLANG_WARN_QUOTED_INCLUDE_IN_FRAMEWORK_HEADER = YES;
				CLANG_WARN_RANGE_LOOP_ANALYSIS = YES;
				CLANG_WARN_STRICT_PROTOTYPES = YES;
				CLANG_WARN_SUSPICIOUS_MOVE = YES;
				CLANG_WARN_UNGUARDED_AVAILABILITY = YES_AGGRESSIVE;
				CLANG_WARN_UNREACHABLE_CODE = YES;
				CLANG_WARN__DUPLICATE_METHOD_MATCH = YES;
				COPY_PHASE_STRIP = NO;
				DEBUG_INFORMATION_FORMAT = "dwarf-with-dsym";
				ENABLE_NS_ASSERTIONS = NO;
				ENABLE_STRICT_OBJC_MSGSEND = YES;
				GCC_C_LANGUAGE_STANDARD = gnu11;
				GCC_NO_COMMON_BLOCKS = YES;
				GCC_WARN_64_TO_32_BIT_CONVERSION = YES;
				GCC_WARN_ABOUT_RETURN_TYPE = YES_ERROR;
				GCC_WARN_UNDECLARED_SELECTOR = YES;
				GCC_WARN_UNINITIALIZED_AUTOS = YES_AGGRESSIVE;
				GCC_WARN_UNUSED_FUNCTION = YES;
				GCC_WARN_UNUSED_VARIABLE = YES;
				IPHONEOS_DEPLOYMENT_TARGET = 12.0;
				MTL_ENABLE_DEBUG_INFO = NO;
				MTL_FAST_MATH = YES;
				SDKROOT = iphoneos;
				SWIFT_COMPILATION_MODE = wholemodule;
				SWIFT_OPTIMIZATION_LEVEL = "-O";
				VALIDATE_PRODUCT = YES;
			};
			name = Release;
		};
		18563B752516EBB700A85217 /* Debug */ = {
			isa = XCBuildConfiguration;
			buildSettings = {
				ASSETCATALOG_COMPILER_APPICON_NAME = AppIcon;
				ASSETCATALOG_COMPILER_GLOBAL_ACCENT_COLOR_NAME = AccentColor;
				CODE_SIGN_STYLE = Automatic;
				INFOPLIST_FILE = SDTiPView/Info.plist;
				IPHONEOS_DEPLOYMENT_TARGET = 11.0;
				LD_RUNPATH_SEARCH_PATHS = (
					"$(inherited)",
					"@executable_path/Frameworks",
				);
				PRODUCT_BUNDLE_IDENTIFIER = com.sachin.SDTiPView;
				PRODUCT_NAME = "$(TARGET_NAME)";
				SWIFT_VERSION = 5.0;
				TARGETED_DEVICE_FAMILY = "1,2";
			};
			name = Debug;
		};
		18563B762516EBB700A85217 /* Release */ = {
			isa = XCBuildConfiguration;
			buildSettings = {
				ASSETCATALOG_COMPILER_APPICON_NAME = AppIcon;
				ASSETCATALOG_COMPILER_GLOBAL_ACCENT_COLOR_NAME = AccentColor;
				CODE_SIGN_STYLE = Automatic;
				INFOPLIST_FILE = SDTiPView/Info.plist;
				IPHONEOS_DEPLOYMENT_TARGET = 11.0;
				LD_RUNPATH_SEARCH_PATHS = (
					"$(inherited)",
					"@executable_path/Frameworks",
				);
				PRODUCT_BUNDLE_IDENTIFIER = com.sachin.SDTiPView;
				PRODUCT_NAME = "$(TARGET_NAME)";
				SWIFT_VERSION = 5.0;
				TARGETED_DEVICE_FAMILY = "1,2";
			};
			name = Release;
		};
		18563B782516EBB700A85217 /* Debug */ = {
			isa = XCBuildConfiguration;
			buildSettings = {
				ALWAYS_EMBED_SWIFT_STANDARD_LIBRARIES = YES;
				BUNDLE_LOADER = "$(TEST_HOST)";
				CODE_SIGN_STYLE = Automatic;
				INFOPLIST_FILE = SDTiPViewTests/Info.plist;
				IPHONEOS_DEPLOYMENT_TARGET = 14.0;
				LD_RUNPATH_SEARCH_PATHS = (
					"$(inherited)",
					"@executable_path/Frameworks",
					"@loader_path/Frameworks",
				);
				PRODUCT_BUNDLE_IDENTIFIER = com.sachin.SDTiPViewTests;
				PRODUCT_NAME = "$(TARGET_NAME)";
				SWIFT_VERSION = 5.0;
				TARGETED_DEVICE_FAMILY = "1,2";
				TEST_HOST = "$(BUILT_PRODUCTS_DIR)/SDTiPView.app/SDTiPView";
			};
			name = Debug;
		};
		18563B792516EBB700A85217 /* Release */ = {
			isa = XCBuildConfiguration;
			buildSettings = {
				ALWAYS_EMBED_SWIFT_STANDARD_LIBRARIES = YES;
				BUNDLE_LOADER = "$(TEST_HOST)";
				CODE_SIGN_STYLE = Automatic;
				INFOPLIST_FILE = SDTiPViewTests/Info.plist;
				IPHONEOS_DEPLOYMENT_TARGET = 14.0;
				LD_RUNPATH_SEARCH_PATHS = (
					"$(inherited)",
					"@executable_path/Frameworks",
					"@loader_path/Frameworks",
				);
				PRODUCT_BUNDLE_IDENTIFIER = com.sachin.SDTiPViewTests;
				PRODUCT_NAME = "$(TARGET_NAME)";
				SWIFT_VERSION = 5.0;
				TARGETED_DEVICE_FAMILY = "1,2";
				TEST_HOST = "$(BUILT_PRODUCTS_DIR)/SDTiPView.app/SDTiPView";
			};
			name = Release;
		};
		18563B7B2516EBB700A85217 /* Debug */ = {
			isa = XCBuildConfiguration;
			buildSettings = {
				ALWAYS_EMBED_SWIFT_STANDARD_LIBRARIES = YES;
				CODE_SIGN_STYLE = Automatic;
				INFOPLIST_FILE = SDTiPViewUITests/Info.plist;
				LD_RUNPATH_SEARCH_PATHS = (
					"$(inherited)",
					"@executable_path/Frameworks",
					"@loader_path/Frameworks",
				);
				PRODUCT_BUNDLE_IDENTIFIER = com.sachin.SDTiPViewUITests;
				PRODUCT_NAME = "$(TARGET_NAME)";
				SWIFT_VERSION = 5.0;
				TARGETED_DEVICE_FAMILY = "1,2";
				TEST_TARGET_NAME = SDTiPView;
			};
			name = Debug;
		};
		18563B7C2516EBB700A85217 /* Release */ = {
			isa = XCBuildConfiguration;
			buildSettings = {
				ALWAYS_EMBED_SWIFT_STANDARD_LIBRARIES = YES;
				CODE_SIGN_STYLE = Automatic;
				INFOPLIST_FILE = SDTiPViewUITests/Info.plist;
				LD_RUNPATH_SEARCH_PATHS = (
					"$(inherited)",
					"@executable_path/Frameworks",
					"@loader_path/Frameworks",
				);
				PRODUCT_BUNDLE_IDENTIFIER = com.sachin.SDTiPViewUITests;
				PRODUCT_NAME = "$(TARGET_NAME)";
				SWIFT_VERSION = 5.0;
				TARGETED_DEVICE_FAMILY = "1,2";
				TEST_TARGET_NAME = SDTiPView;
			};
			name = Release;
		};
/* End XCBuildConfiguration section */

/* Begin XCConfigurationList section */
		18563B452516EBB500A85217 /* Build configuration list for PBXProject "SDTiPView" */ = {
			isa = XCConfigurationList;
			buildConfigurations = (
				18563B722516EBB700A85217 /* Debug */,
				18563B732516EBB700A85217 /* Release */,
			);
			defaultConfigurationIsVisible = 0;
			defaultConfigurationName = Release;
		};
		18563B742516EBB700A85217 /* Build configuration list for PBXNativeTarget "SDTiPView" */ = {
			isa = XCConfigurationList;
			buildConfigurations = (
				18563B752516EBB700A85217 /* Debug */,
				18563B762516EBB700A85217 /* Release */,
			);
			defaultConfigurationIsVisible = 0;
			defaultConfigurationName = Release;
		};
		18563B772516EBB700A85217 /* Build configuration list for PBXNativeTarget "SDTiPViewTests" */ = {
			isa = XCConfigurationList;
			buildConfigurations = (
				18563B782516EBB700A85217 /* Debug */,
				18563B792516EBB700A85217 /* Release */,
			);
			defaultConfigurationIsVisible = 0;
			defaultConfigurationName = Release;
		};
		18563B7A2516EBB700A85217 /* Build configuration list for PBXNativeTarget "SDTiPViewUITests" */ = {
			isa = XCConfigurationList;
			buildConfigurations = (
				18563B7B2516EBB700A85217 /* Debug */,
				18563B7C2516EBB700A85217 /* Release */,
			);
			defaultConfigurationIsVisible = 0;
			defaultConfigurationName = Release;
		};
/* End XCConfigurationList section */

/* Begin XCRemoteSwiftPackageReference section */
		18563B962516F05800A85217 /* XCRemoteSwiftPackageReference "AMPopTip" */ = {
			isa = XCRemoteSwiftPackageReference;
			repositoryURL = "https://github.com/andreamazz/AMPopTip.git";
			requirement = {
				kind = upToNextMajorVersion;
				minimumVersion = 4.5.0;
			};
		};
/* End XCRemoteSwiftPackageReference section */

/* Begin XCSwiftPackageProductDependency section */
		18563B972516F05800A85217 /* AMPopTip */ = {
			isa = XCSwiftPackageProductDependency;
			package = 18563B962516F05800A85217 /* XCRemoteSwiftPackageReference "AMPopTip" */;
			productName = AMPopTip;
		};
/* End XCSwiftPackageProductDependency section */
	};
	rootObject = 18563B422516EBB500A85217 /* Project object */;
}
